
Microsoft Visual Studio Solution File, Format Version 12.00
# Visual Studio 15
VisualStudioVersion = 15.0.28307.421
MinimumVisualStudioVersion = 10.0.40219.1
Project("{8BC9CEB8-8B4A-11D0-8D11-00A0C91BC942}") = "Lab6", "Lab6\Lab6.vcxproj", "{23F4BF6C-1A1D-4186-8408-6E48DCB3F5F2}"
EndProject
Project("{8BC9CEB8-8B4A-11D0-8D11-00A0C91BC942}") = "Lab6Test", "Lab6Test\Lab6Test.vcxproj", "{708669E9-4DC6-4F4B-815A-29DA24323357}"
EndProject
Global
	GlobalSection(SolutionConfigurationPlatforms) = preSolution
		Debug|x64 = Debug|x64
		Debug|x86 = Debug|x86
		Release|x64 = Release|x64
		Release|x86 = Release|x86
	EndGlobalSection
	GlobalSection(ProjectConfigurationPlatforms) = postSolution
		{23F4BF6C-1A1D-4186-8408-6E48DCB3F5F2}.Debug|x64.ActiveCfg = Debug|x64
		{23F4BF6C-1A1D-4186-8408-6E48DCB3F5F2}.Debug|x64.Build.0 = Debug|x64
		{23F4BF6C-1A1D-4186-8408-6E48DCB3F5F2}.Debug|x86.ActiveCfg = Debug|Win32
		{23F4BF6C-1A1D-4186-8408-6E48DCB3F5F2}.Debug|x86.Build.0 = Debug|Win32
		{23F4BF6C-1A1D-4186-8408-6E48DCB3F5F2}.Release|x64.ActiveCfg = Release|x64
		{23F4BF6C-1A1D-4186-8408-6E48DCB3F5F2}.Release|x64.Build.0 = Release|x64
		{23F4BF6C-1A1D-4186-8408-6E48DCB3F5F2}.Release|x86.ActiveCfg = Release|Win32
		{23F4BF6C-1A1D-4186-8408-6E48DCB3F5F2}.Release|x86.Build.0 = Release|Win32
		{708669E9-4DC6-4F4B-815A-29DA24323357}.Debug|x64.ActiveCfg = Debug|x64
		{708669E9-4DC6-4F4B-815A-29DA24323357}.Debug|x64.Build.0 = Debug|x64
		{708669E9-4DC6-4F4B-815A-29DA24323357}.Debug|x86.ActiveCfg = Debug|Win32
		{708669E9-4DC6-4F4B-815A-29DA24323357}.Debug|x86.Build.0 = Debug|Win32
		{708669E9-4DC6-4F4B-815A-29DA24323357}.Release|x64.ActiveCfg = Release|x64
		{708669E9-4DC6-4F4B-815A-29DA24323357}.Release|x64.Build.0 = Release|x64
		{708669E9-4DC6-4F4B-815A-29DA24323357}.Release|x86.ActiveCfg = Release|Win32
		{708669E9-4DC6-4F4B-815A-29DA24323357}.Release|x86.Build.0 = Release|Win32
	EndGlobalSection
	GlobalSection(SolutionProperties) = preSolution
		HideSolutionNode = FALSE
	EndGlobalSection
	GlobalSection(ExtensibilityGlobals) = postSolution
		SolutionGuid = {30D025AE-999E-4A9E-A376-42AAA79D82D3}
	EndGlobalSection
EndGlobal
